# THIS IS AN AUTOGENERATED FILE. DO NOT EDIT THIS FILE DIRECTLY.
# yarn lockfile v1


"@types/binary-parser@1.5.0":
  version "1.5.0"
  resolved "https://registry.yarnpkg.com/@types/binary-parser/-/binary-parser-1.5.0.tgz#d8a9676a7763b91c7537347d1d596d8b96adb164"
  integrity sha512-eBMqKUPRjXX+E30JQOcda8Je4lw4TyQvDSOXhWx+T019lki2TURNf0kVaR27LG4B2cLu4JXfrnNp+3aEq23leA==
  dependencies:
    "@types/node" "*"

"@types/node@*":
  version "14.0.23"
  resolved "https://registry.yarnpkg.com/@types/node/-/node-14.0.23.tgz#676fa0883450ed9da0bb24156213636290892806"
  integrity sha512-Z4U8yDAl5TFkmYsZdFPdjeMa57NOvnaf1tljHzhouaPEp7LCj2JKkejpI1ODviIAQuW4CcQmxkQ77rnLsOOoKw==

binary-parser@1.6.2:
  version "1.6.2"
  resolved "https://registry.yarnpkg.com/binary-parser/-/binary-parser-1.6.2.tgz#8410a82ffd9403271ec182bd91e63a09cee88cbe"
  integrity sha512-cYAhKB51A9T/uylDvMK7uAYaPLWLwlferNOpnQ0E0fuO73yPi7kWaWiOm22BvuKxCbggmkiFN0VkuLg6gc+KQQ==

prettier@2.0.5:
  version "2.0.5"
  resolved "https://registry.yarnpkg.com/prettier/-/prettier-2.0.5.tgz#d6d56282455243f2f92cc1716692c08aa31522d4"
  integrity sha512-7PtVymN48hGcO4fGjybyBSIWDsLU4H4XlvOHfq91pz9kkGlonzwTfYkaIEwiRg/dAJF9YlbsduBAgtYLi+8cFg==

typescript@3.9.6:
  version "3.9.6"
  resolved "https://registry.yarnpkg.com/typescript/-/typescript-3.9.6.tgz#8f3e0198a34c3ae17091b35571d3afd31999365a"
  integrity sha512-Pspx3oKAPJtjNwE92YS05HQoY7z2SFyOpHo9MqJor3BXAGNaPUs83CuVp9VISFkSjyRfiTpmKuAYGJB7S7hOxw==
